
Microsoft Visual Studio Solution File, Format Version 12.00
Project("{FAE04EC0-301F-11D3-BF4B-00C04F79EFBC}") = "ShaderCodeGen", "ShaderCodeGen\ShaderCodeGen.csproj", "{AA99A713-5512-4137-8B0A-7EE2028EA428}"
EndProject
Global
	GlobalSection(SolutionConfigurationPlatforms) = preSolution
		Debug|Any CPU = Debug|Any CPU
		Release|Any CPU = Release|Any CPU
	EndGlobalSection
	GlobalSection(ProjectConfigurationPlatforms) = postSolution
		{AA99A713-5512-4137-8B0A-7EE2028EA428}.Debug|Any CPU.ActiveCfg = Debug|Any CPU
		{AA99A713-5512-4137-8B0A-7EE2028EA428}.Debug|Any CPU.Build.0 = Debug|Any CPU
		{AA99A713-5512-4137-8B0A-7EE2028EA428}.Release|Any CPU.ActiveCfg = Release|Any CPU
		{AA99A713-5512-4137-8B0A-7EE2028EA428}.Release|Any CPU.Build.0 = Release|Any CPU
	EndGlobalSection
EndGlobal
