
Microsoft Visual Studio Solution File, Format Version 12.00
Project("{FAE04EC0-301F-11D3-BF4B-00C04F79EFBC}") = "UToolsGenerators", "UToolsGenerators\UToolsGenerators.csproj", "{AA99A713-5512-4137-8B0A-7EE2028EA428}"
EndProject
Project("{FAE04EC0-301F-11D3-BF4B-00C04F79EFBC}") = "UToolsAttributes", "UToolsAttributes\UToolsAttributes.csproj", "{8AD8C5B2-E894-401A-8CD9-1CCDCF43C8A6}"
EndProject
Project("{FAE04EC0-301F-11D3-BF4B-00C04F79EFBC}") = "SourceGeneratorExamples", "SourceGeneratorExamples\SourceGeneratorExamples.csproj", "{684898F8-E182-47BC-874A-E77C77E52FBA}"
EndProject
Global
	GlobalSection(SolutionConfigurationPlatforms) = preSolution
		Debug|Any CPU = Debug|Any CPU
		Release|Any CPU = Release|Any CPU
	EndGlobalSection
	GlobalSection(ProjectConfigurationPlatforms) = postSolution
		{AA99A713-5512-4137-8B0A-7EE2028EA428}.Debug|Any CPU.ActiveCfg = Debug|Any CPU
		{AA99A713-5512-4137-8B0A-7EE2028EA428}.Debug|Any CPU.Build.0 = Debug|Any CPU
		{AA99A713-5512-4137-8B0A-7EE2028EA428}.Release|Any CPU.ActiveCfg = Release|Any CPU
		{AA99A713-5512-4137-8B0A-7EE2028EA428}.Release|Any CPU.Build.0 = Release|Any CPU
		{8AD8C5B2-E894-401A-8CD9-1CCDCF43C8A6}.Debug|Any CPU.ActiveCfg = Debug|Any CPU
		{8AD8C5B2-E894-401A-8CD9-1CCDCF43C8A6}.Debug|Any CPU.Build.0 = Debug|Any CPU
		{8AD8C5B2-E894-401A-8CD9-1CCDCF43C8A6}.Release|Any CPU.ActiveCfg = Release|Any CPU
		{8AD8C5B2-E894-401A-8CD9-1CCDCF43C8A6}.Release|Any CPU.Build.0 = Release|Any CPU
		{684898F8-E182-47BC-874A-E77C77E52FBA}.Debug|Any CPU.ActiveCfg = Debug|Any CPU
		{684898F8-E182-47BC-874A-E77C77E52FBA}.Debug|Any CPU.Build.0 = Debug|Any CPU
		{684898F8-E182-47BC-874A-E77C77E52FBA}.Release|Any CPU.ActiveCfg = Release|Any CPU
		{684898F8-E182-47BC-874A-E77C77E52FBA}.Release|Any CPU.Build.0 = Release|Any CPU
	EndGlobalSection
EndGlobal
